
Microsoft Visual Studio Solution File, Format Version 12.00
# Visual Studio Version 17
VisualStudioVersion = 17.9.34728.123
MinimumVisualStudioVersion = 10.0.40219.1
Project("{FAE04EC0-301F-11D3-BF4B-00C04F79EFBC}") = "5by5- DesignPattern", "5by5- DesignPattern\5by5- DesignPattern.csproj", "{D265DCDB-3D03-4B5E-AD01-1D4EAA0F5025}"
EndProject
Project("{FAE04EC0-301F-11D3-BF4B-00C04F79EFBC}") = "Models", "Models\Models.csproj", "{DC5E6523-5970-479E-A15A-8266A07A3B72}"
EndProject
Project("{FAE04EC0-301F-11D3-BF4B-00C04F79EFBC}") = "Controllers", "Controllers\Controllers.csproj", "{AC0814AB-4920-4092-967D-41275F1FCD56}"
EndProject
Project("{FAE04EC0-301F-11D3-BF4B-00C04F79EFBC}") = "Repositories", "Repositories\Repositories.csproj", "{923248F3-4067-428B-B6FB-011EB647C21A}"
EndProject
Project("{FAE04EC0-301F-11D3-BF4B-00C04F79EFBC}") = "Services", "Services\Services.csproj", "{DC748EEB-6600-4769-B5C2-90B04023AF53}"
EndProject
Global
	GlobalSection(SolutionConfigurationPlatforms) = preSolution
		Debug|Any CPU = Debug|Any CPU
		Release|Any CPU = Release|Any CPU
	EndGlobalSection
	GlobalSection(ProjectConfigurationPlatforms) = postSolution
		{D265DCDB-3D03-4B5E-AD01-1D4EAA0F5025}.Debug|Any CPU.ActiveCfg = Debug|Any CPU
		{D265DCDB-3D03-4B5E-AD01-1D4EAA0F5025}.Debug|Any CPU.Build.0 = Debug|Any CPU
		{D265DCDB-3D03-4B5E-AD01-1D4EAA0F5025}.Release|Any CPU.ActiveCfg = Release|Any CPU
		{D265DCDB-3D03-4B5E-AD01-1D4EAA0F5025}.Release|Any CPU.Build.0 = Release|Any CPU
		{DC5E6523-5970-479E-A15A-8266A07A3B72}.Debug|Any CPU.ActiveCfg = Debug|Any CPU
		{DC5E6523-5970-479E-A15A-8266A07A3B72}.Debug|Any CPU.Build.0 = Debug|Any CPU
		{DC5E6523-5970-479E-A15A-8266A07A3B72}.Release|Any CPU.ActiveCfg = Release|Any CPU
		{DC5E6523-5970-479E-A15A-8266A07A3B72}.Release|Any CPU.Build.0 = Release|Any CPU
		{AC0814AB-4920-4092-967D-41275F1FCD56}.Debug|Any CPU.ActiveCfg = Debug|Any CPU
		{AC0814AB-4920-4092-967D-41275F1FCD56}.Debug|Any CPU.Build.0 = Debug|Any CPU
		{AC0814AB-4920-4092-967D-41275F1FCD56}.Release|Any CPU.ActiveCfg = Release|Any CPU
		{AC0814AB-4920-4092-967D-41275F1FCD56}.Release|Any CPU.Build.0 = Release|Any CPU
		{923248F3-4067-428B-B6FB-011EB647C21A}.Debug|Any CPU.ActiveCfg = Debug|Any CPU
		{923248F3-4067-428B-B6FB-011EB647C21A}.Debug|Any CPU.Build.0 = Debug|Any CPU
		{923248F3-4067-428B-B6FB-011EB647C21A}.Release|Any CPU.ActiveCfg = Release|Any CPU
		{923248F3-4067-428B-B6FB-011EB647C21A}.Release|Any CPU.Build.0 = Release|Any CPU
		{DC748EEB-6600-4769-B5C2-90B04023AF53}.Debug|Any CPU.ActiveCfg = Debug|Any CPU
		{DC748EEB-6600-4769-B5C2-90B04023AF53}.Debug|Any CPU.Build.0 = Debug|Any CPU
		{DC748EEB-6600-4769-B5C2-90B04023AF53}.Release|Any CPU.ActiveCfg = Release|Any CPU
		{DC748EEB-6600-4769-B5C2-90B04023AF53}.Release|Any CPU.Build.0 = Release|Any CPU
	EndGlobalSection
	GlobalSection(SolutionProperties) = preSolution
		HideSolutionNode = FALSE
	EndGlobalSection
	GlobalSection(ExtensibilityGlobals) = postSolution
		SolutionGuid = {EE9492EF-9BA8-4889-BDE5-9277A0B554F5}
	EndGlobalSection
EndGlobal
